// !$*UTF8*$!
{
	archiveVersion = 1;
	classes = {
	};
	objectVersion = 56;
	objects = {

/* Begin PBXBuildFile section */
		0723D9A1296DB7B40070E733 /* FeedCell.swift in Sources */ = {isa = PBXBuildFile; fileRef = 0723D9A0296DB7B40070E733 /* FeedCell.swift */; };
		0723D9A3296DB8AE0070E733 /* Extensions.swift in Sources */ = {isa = PBXBuildFile; fileRef = 0723D9A2296DB8AE0070E733 /* Extensions.swift */; };
		0723D9A6296EF5AF0070E733 /* LoginController.swift in Sources */ = {isa = PBXBuildFile; fileRef = 0723D9A5296EF5AF0070E733 /* LoginController.swift */; };
		0723D9A8296EF5CA0070E733 /* RegistrationController.swift in Sources */ = {isa = PBXBuildFile; fileRef = 0723D9A7296EF5CA0070E733 /* RegistrationController.swift */; };
		0723D9AA297021800070E733 /* CustomTextField.swift in Sources */ = {isa = PBXBuildFile; fileRef = 0723D9A9297021800070E733 /* CustomTextField.swift */; };
		0723D9AC29704CA70070E733 /* AuthenticationViewModel.swift in Sources */ = {isa = PBXBuildFile; fileRef = 0723D9AB29704CA70070E733 /* AuthenticationViewModel.swift */; };
		073A83EC296C7B4A00CE910C /* AppDelegate.swift in Sources */ = {isa = PBXBuildFile; fileRef = 073A83EB296C7B4A00CE910C /* AppDelegate.swift */; };
		073A83EE296C7B4A00CE910C /* SceneDelegate.swift in Sources */ = {isa = PBXBuildFile; fileRef = 073A83ED296C7B4A00CE910C /* SceneDelegate.swift */; };
		073A83F0296C7B4A00CE910C /* ViewController.swift in Sources */ = {isa = PBXBuildFile; fileRef = 073A83EF296C7B4A00CE910C /* ViewController.swift */; };
		073A83F3296C7B4A00CE910C /* Main.storyboard in Resources */ = {isa = PBXBuildFile; fileRef = 073A83F1296C7B4A00CE910C /* Main.storyboard */; };
		073A83F5296C7B4B00CE910C /* Assets.xcassets in Resources */ = {isa = PBXBuildFile; fileRef = 073A83F4296C7B4B00CE910C /* Assets.xcassets */; };
		073A83F8296C7B4B00CE910C /* LaunchScreen.storyboard in Resources */ = {isa = PBXBuildFile; fileRef = 073A83F6296C7B4B00CE910C /* LaunchScreen.storyboard */; };
		073A8408296C7CB800CE910C /* MainTabController.swift in Sources */ = {isa = PBXBuildFile; fileRef = 073A8407296C7CB800CE910C /* MainTabController.swift */; };
		073A840A296C7E3F00CE910C /* FeedController.swift in Sources */ = {isa = PBXBuildFile; fileRef = 073A8409296C7E3F00CE910C /* FeedController.swift */; };
		073A840C296C7E4800CE910C /* SearchController.swift in Sources */ = {isa = PBXBuildFile; fileRef = 073A840B296C7E4800CE910C /* SearchController.swift */; };
		073A840E296C7E5500CE910C /* ImageSelectorController.swift in Sources */ = {isa = PBXBuildFile; fileRef = 073A840D296C7E5500CE910C /* ImageSelectorController.swift */; };
		073A8410296C7E6F00CE910C /* NotificationController.swift in Sources */ = {isa = PBXBuildFile; fileRef = 073A840F296C7E6F00CE910C /* NotificationController.swift */; };
		073A8412296C7E8500CE910C /* ProfileController.swift in Sources */ = {isa = PBXBuildFile; fileRef = 073A8411296C7E8500CE910C /* ProfileController.swift */; };
		076E543D2972F28C0003864F /* GoogleService-Info.plist in Resources */ = {isa = PBXBuildFile; fileRef = 076E543C2972F28C0003864F /* GoogleService-Info.plist */; };
		076E54402972F4600003864F /* FirebaseAuth in Frameworks */ = {isa = PBXBuildFile; productRef = 076E543F2972F4600003864F /* FirebaseAuth */; };
		076E54422972F4600003864F /* FirebaseDatabase in Frameworks */ = {isa = PBXBuildFile; productRef = 076E54412972F4600003864F /* FirebaseDatabase */; };
		076E54442972F4600003864F /* FirebaseFirestore in Frameworks */ = {isa = PBXBuildFile; productRef = 076E54432972F4600003864F /* FirebaseFirestore */; };
		076E54462972F4600003864F /* FirebaseMessaging in Frameworks */ = {isa = PBXBuildFile; productRef = 076E54452972F4600003864F /* FirebaseMessaging */; };
		076E54482972F4600003864F /* FirebaseStorage in Frameworks */ = {isa = PBXBuildFile; productRef = 076E54472972F4600003864F /* FirebaseStorage */; };
		076E544A2973013B0003864F /* ImageUploader.swift in Sources */ = {isa = PBXBuildFile; fileRef = 076E54492973013B0003864F /* ImageUploader.swift */; };
		076E544C297301480003864F /* AuthService.swift in Sources */ = {isa = PBXBuildFile; fileRef = 076E544B297301480003864F /* AuthService.swift */; };
		07E3E561298ADD58009FC7B5 /* ProfileCell.swift in Sources */ = {isa = PBXBuildFile; fileRef = 07E3E560298ADD58009FC7B5 /* ProfileCell.swift */; };
		07E3E563298ADD6C009FC7B5 /* ProfileHeader.swift in Sources */ = {isa = PBXBuildFile; fileRef = 07E3E562298ADD6C009FC7B5 /* ProfileHeader.swift */; };
/* End PBXBuildFile section */

/* Begin PBXFileReference section */
		0723D9A0296DB7B40070E733 /* FeedCell.swift */ = {isa = PBXFileReference; lastKnownFileType = sourcecode.swift; path = FeedCell.swift; sourceTree = "<group>"; };
		0723D9A2296DB8AE0070E733 /* Extensions.swift */ = {isa = PBXFileReference; lastKnownFileType = sourcecode.swift; path = Extensions.swift; sourceTree = "<group>"; };
		0723D9A5296EF5AF0070E733 /* LoginController.swift */ = {isa = PBXFileReference; lastKnownFileType = sourcecode.swift; path = LoginController.swift; sourceTree = "<group>"; };
		0723D9A7296EF5CA0070E733 /* RegistrationController.swift */ = {isa = PBXFileReference; lastKnownFileType = sourcecode.swift; path = RegistrationController.swift; sourceTree = "<group>"; };
		0723D9A9297021800070E733 /* CustomTextField.swift */ = {isa = PBXFileReference; lastKnownFileType = sourcecode.swift; path = CustomTextField.swift; sourceTree = "<group>"; };
		0723D9AB29704CA70070E733 /* AuthenticationViewModel.swift */ = {isa = PBXFileReference; lastKnownFileType = sourcecode.swift; path = AuthenticationViewModel.swift; sourceTree = "<group>"; };
		073A83E8296C7B4A00CE910C /* InstagramClone.app */ = {isa = PBXFileReference; explicitFileType = wrapper.application; includeInIndex = 0; path = InstagramClone.app; sourceTree = BUILT_PRODUCTS_DIR; };
		073A83EB296C7B4A00CE910C /* AppDelegate.swift */ = {isa = PBXFileReference; lastKnownFileType = sourcecode.swift; path = AppDelegate.swift; sourceTree = "<group>"; };
		073A83ED296C7B4A00CE910C /* SceneDelegate.swift */ = {isa = PBXFileReference; lastKnownFileType = sourcecode.swift; path = SceneDelegate.swift; sourceTree = "<group>"; };
		073A83EF296C7B4A00CE910C /* ViewController.swift */ = {isa = PBXFileReference; lastKnownFileType = sourcecode.swift; path = ViewController.swift; sourceTree = "<group>"; };
		073A83F2296C7B4A00CE910C /* Base */ = {isa = PBXFileReference; lastKnownFileType = file.storyboard; name = Base; path = Base.lproj/Main.storyboard; sourceTree = "<group>"; };
		073A83F4296C7B4B00CE910C /* Assets.xcassets */ = {isa = PBXFileReference; lastKnownFileType = folder.assetcatalog; path = Assets.xcassets; sourceTree = "<group>"; };
		073A83F7296C7B4B00CE910C /* Base */ = {isa = PBXFileReference; lastKnownFileType = file.storyboard; name = Base; path = Base.lproj/LaunchScreen.storyboard; sourceTree = "<group>"; };
		073A83F9296C7B4B00CE910C /* Info.plist */ = {isa = PBXFileReference; lastKnownFileType = text.plist.xml; path = Info.plist; sourceTree = "<group>"; };
		073A8407296C7CB800CE910C /* MainTabController.swift */ = {isa = PBXFileReference; lastKnownFileType = sourcecode.swift; path = MainTabController.swift; sourceTree = "<group>"; };
		073A8409296C7E3F00CE910C /* FeedController.swift */ = {isa = PBXFileReference; lastKnownFileType = sourcecode.swift; path = FeedController.swift; sourceTree = "<group>"; };
		073A840B296C7E4800CE910C /* SearchController.swift */ = {isa = PBXFileReference; lastKnownFileType = sourcecode.swift; path = SearchController.swift; sourceTree = "<group>"; };
		073A840D296C7E5500CE910C /* ImageSelectorController.swift */ = {isa = PBXFileReference; lastKnownFileType = sourcecode.swift; path = ImageSelectorController.swift; sourceTree = "<group>"; };
		073A840F296C7E6F00CE910C /* NotificationController.swift */ = {isa = PBXFileReference; lastKnownFileType = sourcecode.swift; path = NotificationController.swift; sourceTree = "<group>"; };
		073A8411296C7E8500CE910C /* ProfileController.swift */ = {isa = PBXFileReference; lastKnownFileType = sourcecode.swift; path = ProfileController.swift; sourceTree = "<group>"; };
		076E543C2972F28C0003864F /* GoogleService-Info.plist */ = {isa = PBXFileReference; lastKnownFileType = text.plist; path = "GoogleService-Info.plist"; sourceTree = SOURCE_ROOT; };
		076E54492973013B0003864F /* ImageUploader.swift */ = {isa = PBXFileReference; lastKnownFileType = sourcecode.swift; path = ImageUploader.swift; sourceTree = "<group>"; };
		076E544B297301480003864F /* AuthService.swift */ = {isa = PBXFileReference; lastKnownFileType = sourcecode.swift; path = AuthService.swift; sourceTree = "<group>"; };
		07E3E560298ADD58009FC7B5 /* ProfileCell.swift */ = {isa = PBXFileReference; lastKnownFileType = sourcecode.swift; path = ProfileCell.swift; sourceTree = "<group>"; };
		07E3E562298ADD6C009FC7B5 /* ProfileHeader.swift */ = {isa = PBXFileReference; lastKnownFileType = sourcecode.swift; path = ProfileHeader.swift; sourceTree = "<group>"; };
/* End PBXFileReference section */

/* Begin PBXFrameworksBuildPhase section */
		073A83E5296C7B4A00CE910C /* Frameworks */ = {
			isa = PBXFrameworksBuildPhase;
			buildActionMask = 2147483647;
			files = (
				076E54462972F4600003864F /* FirebaseMessaging in Frameworks */,
				076E54422972F4600003864F /* FirebaseDatabase in Frameworks */,
				076E54402972F4600003864F /* FirebaseAuth in Frameworks */,
				076E54482972F4600003864F /* FirebaseStorage in Frameworks */,
				076E54442972F4600003864F /* FirebaseFirestore in Frameworks */,
			);
			runOnlyForDeploymentPostprocessing = 0;
		};
/* End PBXFrameworksBuildPhase section */

/* Begin PBXGroup section */
		0723D9A4296EF2050070E733 /* Authentication */ = {
			isa = PBXGroup;
			children = (
				0723D9A5296EF5AF0070E733 /* LoginController.swift */,
				0723D9A7296EF5CA0070E733 /* RegistrationController.swift */,
			);
			path = Authentication;
			sourceTree = "<group>";
		};
		073A83DF296C7B4A00CE910C = {
			isa = PBXGroup;
			children = (
				073A83EA296C7B4A00CE910C /* InstagramClone */,
				073A83E9296C7B4A00CE910C /* Products */,
			);
			sourceTree = "<group>";
		};
		073A83E9296C7B4A00CE910C /* Products */ = {
			isa = PBXGroup;
			children = (
				073A83E8296C7B4A00CE910C /* InstagramClone.app */,
			);
			name = Products;
			sourceTree = "<group>";
		};
		073A83EA296C7B4A00CE910C /* InstagramClone */ = {
			isa = PBXGroup;
			children = (
				073A8406296C7B9300CE910C /* Model */,
				073A8405296C7B9200CE910C /* View */,
				073A8404296C7B8F00CE910C /* ViewModel */,
				073A8403296C7B8D00CE910C /* Controller */,
				073A8401296C7B8000CE910C /* API */,
				073A83FF296C7B7000CE910C /* Utils */,
				073A83EB296C7B4A00CE910C /* AppDelegate.swift */,
				073A83ED296C7B4A00CE910C /* SceneDelegate.swift */,
				073A83EF296C7B4A00CE910C /* ViewController.swift */,
				073A83F1296C7B4A00CE910C /* Main.storyboard */,
				073A83F4296C7B4B00CE910C /* Assets.xcassets */,
				073A83F6296C7B4B00CE910C /* LaunchScreen.storyboard */,
				073A83F9296C7B4B00CE910C /* Info.plist */,
				076E543C2972F28C0003864F /* GoogleService-Info.plist */,
			);
			path = InstagramClone;
			sourceTree = "<group>";
		};
		073A83FF296C7B7000CE910C /* Utils */ = {
			isa = PBXGroup;
			children = (
				0723D9A2296DB8AE0070E733 /* Extensions.swift */,
			);
			path = Utils;
			sourceTree = "<group>";
		};
		073A8401296C7B8000CE910C /* API */ = {
			isa = PBXGroup;
			children = (
				076E54492973013B0003864F /* ImageUploader.swift */,
				076E544B297301480003864F /* AuthService.swift */,
			);
			path = API;
			sourceTree = "<group>";
		};
		073A8403296C7B8D00CE910C /* Controller */ = {
			isa = PBXGroup;
			children = (
				0723D9A4296EF2050070E733 /* Authentication */,
				073A8407296C7CB800CE910C /* MainTabController.swift */,
				073A8409296C7E3F00CE910C /* FeedController.swift */,
				073A840B296C7E4800CE910C /* SearchController.swift */,
				073A840D296C7E5500CE910C /* ImageSelectorController.swift */,
				073A840F296C7E6F00CE910C /* NotificationController.swift */,
				073A8411296C7E8500CE910C /* ProfileController.swift */,
			);
			path = Controller;
			sourceTree = "<group>";
		};
		073A8404296C7B8F00CE910C /* ViewModel */ = {
			isa = PBXGroup;
			children = (
				0723D9AB29704CA70070E733 /* AuthenticationViewModel.swift */,
			);
			path = ViewModel;
			sourceTree = "<group>";
		};
		073A8405296C7B9200CE910C /* View */ = {
			isa = PBXGroup;
			children = (
				07E3E564298ADD70009FC7B5 /* Profile */,
				0723D9A0296DB7B40070E733 /* FeedCell.swift */,
				0723D9A9297021800070E733 /* CustomTextField.swift */,
			);
			path = View;
			sourceTree = "<group>";
		};
		073A8406296C7B9300CE910C /* Model */ = {
			isa = PBXGroup;
			children = (
			);
			path = Model;
			sourceTree = "<group>";
		};
		07E3E564298ADD70009FC7B5 /* Profile */ = {
			isa = PBXGroup;
			children = (
				07E3E560298ADD58009FC7B5 /* ProfileCell.swift */,
				07E3E562298ADD6C009FC7B5 /* ProfileHeader.swift */,
			);
			path = Profile;
			sourceTree = "<group>";
		};
/* End PBXGroup section */

/* Begin PBXNativeTarget section */
		073A83E7296C7B4A00CE910C /* InstagramClone */ = {
			isa = PBXNativeTarget;
			buildConfigurationList = 073A83FC296C7B4B00CE910C /* Build configuration list for PBXNativeTarget "InstagramClone" */;
			buildPhases = (
				073A83E4296C7B4A00CE910C /* Sources */,
				073A83E5296C7B4A00CE910C /* Frameworks */,
				073A83E6296C7B4A00CE910C /* Resources */,
			);
			buildRules = (
			);
			dependencies = (
			);
			name = InstagramClone;
			packageProductDependencies = (
				076E543F2972F4600003864F /* FirebaseAuth */,
				076E54412972F4600003864F /* FirebaseDatabase */,
				076E54432972F4600003864F /* FirebaseFirestore */,
				076E54452972F4600003864F /* FirebaseMessaging */,
				076E54472972F4600003864F /* FirebaseStorage */,
			);
			productName = InstagramClone;
			productReference = 073A83E8296C7B4A00CE910C /* InstagramClone.app */;
			productType = "com.apple.product-type.application";
		};
/* End PBXNativeTarget section */

/* Begin PBXProject section */
		073A83E0296C7B4A00CE910C /* Project object */ = {
			isa = PBXProject;
			attributes = {
				BuildIndependentTargetsInParallel = 1;
				LastSwiftUpdateCheck = 1400;
				LastUpgradeCheck = 1400;
				TargetAttributes = {
					073A83E7296C7B4A00CE910C = {
						CreatedOnToolsVersion = 14.0.1;
					};
				};
			};
			buildConfigurationList = 073A83E3296C7B4A00CE910C /* Build configuration list for PBXProject "InstagramClone" */;
			compatibilityVersion = "Xcode 14.0";
			developmentRegion = en;
			hasScannedForEncodings = 0;
			knownRegions = (
				en,
				Base,
			);
			mainGroup = 073A83DF296C7B4A00CE910C;
			packageReferences = (
				076E543E2972F4600003864F /* XCRemoteSwiftPackageReference "firebase-ios-sdk" */,
			);
			productRefGroup = 073A83E9296C7B4A00CE910C /* Products */;
			projectDirPath = "";
			projectRoot = "";
			targets = (
				073A83E7296C7B4A00CE910C /* InstagramClone */,
			);
		};
/* End PBXProject section */

/* Begin PBXResourcesBuildPhase section */
		073A83E6296C7B4A00CE910C /* Resources */ = {
			isa = PBXResourcesBuildPhase;
			buildActionMask = 2147483647;
			files = (
				073A83F8296C7B4B00CE910C /* LaunchScreen.storyboard in Resources */,
				076E543D2972F28C0003864F /* GoogleService-Info.plist in Resources */,
				073A83F5296C7B4B00CE910C /* Assets.xcassets in Resources */,
				073A83F3296C7B4A00CE910C /* Main.storyboard in Resources */,
			);
			runOnlyForDeploymentPostprocessing = 0;
		};
/* End PBXResourcesBuildPhase section */

/* Begin PBXSourcesBuildPhase section */
		073A83E4296C7B4A00CE910C /* Sources */ = {
			isa = PBXSourcesBuildPhase;
			buildActionMask = 2147483647;
			files = (
				0723D9AA297021800070E733 /* CustomTextField.swift in Sources */,
				07E3E563298ADD6C009FC7B5 /* ProfileHeader.swift in Sources */,
				073A83F0296C7B4A00CE910C /* ViewController.swift in Sources */,
				0723D9A6296EF5AF0070E733 /* LoginController.swift in Sources */,
				0723D9A1296DB7B40070E733 /* FeedCell.swift in Sources */,
				073A840E296C7E5500CE910C /* ImageSelectorController.swift in Sources */,
				073A8410296C7E6F00CE910C /* NotificationController.swift in Sources */,
				0723D9AC29704CA70070E733 /* AuthenticationViewModel.swift in Sources */,
				073A840C296C7E4800CE910C /* SearchController.swift in Sources */,
				073A83EC296C7B4A00CE910C /* AppDelegate.swift in Sources */,
				073A8412296C7E8500CE910C /* ProfileController.swift in Sources */,
				073A840A296C7E3F00CE910C /* FeedController.swift in Sources */,
				073A8408296C7CB800CE910C /* MainTabController.swift in Sources */,
				0723D9A3296DB8AE0070E733 /* Extensions.swift in Sources */,
				076E544A2973013B0003864F /* ImageUploader.swift in Sources */,
				076E544C297301480003864F /* AuthService.swift in Sources */,
				07E3E561298ADD58009FC7B5 /* ProfileCell.swift in Sources */,
				073A83EE296C7B4A00CE910C /* SceneDelegate.swift in Sources */,
				0723D9A8296EF5CA0070E733 /* RegistrationController.swift in Sources */,
			);
			runOnlyForDeploymentPostprocessing = 0;
		};
/* End PBXSourcesBuildPhase section */

/* Begin PBXVariantGroup section */
		073A83F1296C7B4A00CE910C /* Main.storyboard */ = {
			isa = PBXVariantGroup;
			children = (
				073A83F2296C7B4A00CE910C /* Base */,
			);
			name = Main.storyboard;
			sourceTree = "<group>";
		};
		073A83F6296C7B4B00CE910C /* LaunchScreen.storyboard */ = {
			isa = PBXVariantGroup;
			children = (
				073A83F7296C7B4B00CE910C /* Base */,
			);
			name = LaunchScreen.storyboard;
			sourceTree = "<group>";
		};
/* End PBXVariantGroup section */

/* Begin XCBuildConfiguration section */
		073A83FA296C7B4B00CE910C /* Debug */ = {
			isa = XCBuildConfiguration;
			buildSettings = {
				ALWAYS_SEARCH_USER_PATHS = NO;
				CLANG_ANALYZER_NONNULL = YES;
				CLANG_ANALYZER_NUMBER_OBJECT_CONVERSION = YES_AGGRESSIVE;
				CLANG_CXX_LANGUAGE_STANDARD = "gnu++20";
				CLANG_ENABLE_MODULES = YES;
				CLANG_ENABLE_OBJC_ARC = YES;
				CLANG_ENABLE_OBJC_WEAK = YES;
				CLANG_WARN_BLOCK_CAPTURE_AUTORELEASING = YES;
				CLANG_WARN_BOOL_CONVERSION = YES;
				CLANG_WARN_COMMA = YES;
				CLANG_WARN_CONSTANT_CONVERSION = YES;
				CLANG_WARN_DEPRECATED_OBJC_IMPLEMENTATIONS = YES;
				CLANG_WARN_DIRECT_OBJC_ISA_USAGE = YES_ERROR;
				CLANG_WARN_DOCUMENTATION_COMMENTS = YES;
				CLANG_WARN_EMPTY_BODY = YES;
				CLANG_WARN_ENUM_CONVERSION = YES;
				CLANG_WARN_INFINITE_RECURSION = YES;
				CLANG_WARN_INT_CONVERSION = YES;
				CLANG_WARN_NON_LITERAL_NULL_CONVERSION = YES;
				CLANG_WARN_OBJC_IMPLICIT_RETAIN_SELF = YES;
				CLANG_WARN_OBJC_LITERAL_CONVERSION = YES;
				CLANG_WARN_OBJC_ROOT_CLASS = YES_ERROR;
				CLANG_WARN_QUOTED_INCLUDE_IN_FRAMEWORK_HEADER = YES;
				CLANG_WARN_RANGE_LOOP_ANALYSIS = YES;
				CLANG_WARN_STRICT_PROTOTYPES = YES;
				CLANG_WARN_SUSPICIOUS_MOVE = YES;
				CLANG_WARN_UNGUARDED_AVAILABILITY = YES_AGGRESSIVE;
				CLANG_WARN_UNREACHABLE_CODE = YES;
				CLANG_WARN__DUPLICATE_METHOD_MATCH = YES;
				COPY_PHASE_STRIP = NO;
				DEBUG_INFORMATION_FORMAT = dwarf;
				ENABLE_STRICT_OBJC_MSGSEND = YES;
				ENABLE_TESTABILITY = YES;
				GCC_C_LANGUAGE_STANDARD = gnu11;
				GCC_DYNAMIC_NO_PIC = NO;
				GCC_NO_COMMON_BLOCKS = YES;
				GCC_OPTIMIZATION_LEVEL = 0;
				GCC_PREPROCESSOR_DEFINITIONS = (
					"DEBUG=1",
					"$(inherited)",
				);
				GCC_WARN_64_TO_32_BIT_CONVERSION = YES;
				GCC_WARN_ABOUT_RETURN_TYPE = YES_ERROR;
				GCC_WARN_UNDECLARED_SELECTOR = YES;
				GCC_WARN_UNINITIALIZED_AUTOS = YES_AGGRESSIVE;
				GCC_WARN_UNUSED_FUNCTION = YES;
				GCC_WARN_UNUSED_VARIABLE = YES;
				IPHONEOS_DEPLOYMENT_TARGET = 16.0;
				MTL_ENABLE_DEBUG_INFO = INCLUDE_SOURCE;
				MTL_FAST_MATH = YES;
				ONLY_ACTIVE_ARCH = YES;
				SDKROOT = iphoneos;
				SWIFT_ACTIVE_COMPILATION_CONDITIONS = DEBUG;
				SWIFT_OPTIMIZATION_LEVEL = "-Onone";
			};
			name = Debug;
		};
		073A83FB296C7B4B00CE910C /* Release */ = {
			isa = XCBuildConfiguration;
			buildSettings = {
				ALWAYS_SEARCH_USER_PATHS = NO;
				CLANG_ANALYZER_NONNULL = YES;
				CLANG_ANALYZER_NUMBER_OBJECT_CONVERSION = YES_AGGRESSIVE;
				CLANG_CXX_LANGUAGE_STANDARD = "gnu++20";
				CLANG_ENABLE_MODULES = YES;
				CLANG_ENABLE_OBJC_ARC = YES;
				CLANG_ENABLE_OBJC_WEAK = YES;
				CLANG_WARN_BLOCK_CAPTURE_AUTORELEASING = YES;
				CLANG_WARN_BOOL_CONVERSION = YES;
				CLANG_WARN_COMMA = YES;
				CLANG_WARN_CONSTANT_CONVERSION = YES;
				CLANG_WARN_DEPRECATED_OBJC_IMPLEMENTATIONS = YES;
				CLANG_WARN_DIRECT_OBJC_ISA_USAGE = YES_ERROR;
				CLANG_WARN_DOCUMENTATION_COMMENTS = YES;
				CLANG_WARN_EMPTY_BODY = YES;
				CLANG_WARN_ENUM_CONVERSION = YES;
				CLANG_WARN_INFINITE_RECURSION = YES;
				CLANG_WARN_INT_CONVERSION = YES;
				CLANG_WARN_NON_LITERAL_NULL_CONVERSION = YES;
				CLANG_WARN_OBJC_IMPLICIT_RETAIN_SELF = YES;
				CLANG_WARN_OBJC_LITERAL_CONVERSION = YES;
				CLANG_WARN_OBJC_ROOT_CLASS = YES_ERROR;
				CLANG_WARN_QUOTED_INCLUDE_IN_FRAMEWORK_HEADER = YES;
				CLANG_WARN_RANGE_LOOP_ANALYSIS = YES;
				CLANG_WARN_STRICT_PROTOTYPES = YES;
				CLANG_WARN_SUSPICIOUS_MOVE = YES;
				CLANG_WARN_UNGUARDED_AVAILABILITY = YES_AGGRESSIVE;
				CLANG_WARN_UNREACHABLE_CODE = YES;
				CLANG_WARN__DUPLICATE_METHOD_MATCH = YES;
				COPY_PHASE_STRIP = NO;
				DEBUG_INFORMATION_FORMAT = "dwarf-with-dsym";
				ENABLE_NS_ASSERTIONS = NO;
				ENABLE_STRICT_OBJC_MSGSEND = YES;
				GCC_C_LANGUAGE_STANDARD = gnu11;
				GCC_NO_COMMON_BLOCKS = YES;
				GCC_WARN_64_TO_32_BIT_CONVERSION = YES;
				GCC_WARN_ABOUT_RETURN_TYPE = YES_ERROR;
				GCC_WARN_UNDECLARED_SELECTOR = YES;
				GCC_WARN_UNINITIALIZED_AUTOS = YES_AGGRESSIVE;
				GCC_WARN_UNUSED_FUNCTION = YES;
				GCC_WARN_UNUSED_VARIABLE = YES;
				IPHONEOS_DEPLOYMENT_TARGET = 16.0;
				MTL_ENABLE_DEBUG_INFO = NO;
				MTL_FAST_MATH = YES;
				SDKROOT = iphoneos;
				SWIFT_COMPILATION_MODE = wholemodule;
				SWIFT_OPTIMIZATION_LEVEL = "-O";
				VALIDATE_PRODUCT = YES;
			};
			name = Release;
		};
		073A83FD296C7B4B00CE910C /* Debug */ = {
			isa = XCBuildConfiguration;
			buildSettings = {
				ASSETCATALOG_COMPILER_APPICON_NAME = AppIcon;
				ASSETCATALOG_COMPILER_GLOBAL_ACCENT_COLOR_NAME = AccentColor;
				CODE_SIGN_STYLE = Automatic;
				CURRENT_PROJECT_VERSION = 1;
				DEVELOPMENT_TEAM = 7V2ZG69KPK;
				GENERATE_INFOPLIST_FILE = YES;
				INFOPLIST_FILE = InstagramClone/Info.plist;
				INFOPLIST_KEY_CFBundleDisplayName = "인스타클론";
				INFOPLIST_KEY_UIApplicationSupportsIndirectInputEvents = YES;
				INFOPLIST_KEY_UILaunchStoryboardName = LaunchScreen;
				INFOPLIST_KEY_UIMainStoryboardFile = Main;
				INFOPLIST_KEY_UISupportedInterfaceOrientations_iPad = "UIInterfaceOrientationPortrait UIInterfaceOrientationPortraitUpsideDown UIInterfaceOrientationLandscapeLeft UIInterfaceOrientationLandscapeRight";
				INFOPLIST_KEY_UISupportedInterfaceOrientations_iPhone = "UIInterfaceOrientationPortrait UIInterfaceOrientationLandscapeLeft UIInterfaceOrientationLandscapeRight";
				IPHONEOS_DEPLOYMENT_TARGET = 14.0;
				LD_RUNPATH_SEARCH_PATHS = (
					"$(inherited)",
					"@executable_path/Frameworks",
				);
				MARKETING_VERSION = 1.0;
				PRODUCT_BUNDLE_IDENTIFIER = com.jade.InstagramClone;
				PRODUCT_NAME = "$(TARGET_NAME)";
				SUPPORTED_PLATFORMS = "iphoneos iphonesimulator";
				SUPPORTS_MACCATALYST = NO;
				SUPPORTS_MAC_DESIGNED_FOR_IPHONE_IPAD = YES;
				SWIFT_EMIT_LOC_STRINGS = YES;
				SWIFT_VERSION = 5.0;
				TARGETED_DEVICE_FAMILY = 1;
			};
			name = Debug;
		};
		073A83FE296C7B4B00CE910C /* Release */ = {
			isa = XCBuildConfiguration;
			buildSettings = {
				ASSETCATALOG_COMPILER_APPICON_NAME = AppIcon;
				ASSETCATALOG_COMPILER_GLOBAL_ACCENT_COLOR_NAME = AccentColor;
				CODE_SIGN_STYLE = Automatic;
				CURRENT_PROJECT_VERSION = 1;
				DEVELOPMENT_TEAM = 7V2ZG69KPK;
				GENERATE_INFOPLIST_FILE = YES;
				INFOPLIST_FILE = InstagramClone/Info.plist;
				INFOPLIST_KEY_CFBundleDisplayName = "인스타클론";
				INFOPLIST_KEY_UIApplicationSupportsIndirectInputEvents = YES;
				INFOPLIST_KEY_UILaunchStoryboardName = LaunchScreen;
				INFOPLIST_KEY_UIMainStoryboardFile = Main;
				INFOPLIST_KEY_UISupportedInterfaceOrientations_iPad = "UIInterfaceOrientationPortrait UIInterfaceOrientationPortraitUpsideDown UIInterfaceOrientationLandscapeLeft UIInterfaceOrientationLandscapeRight";
				INFOPLIST_KEY_UISupportedInterfaceOrientations_iPhone = "UIInterfaceOrientationPortrait UIInterfaceOrientationLandscapeLeft UIInterfaceOrientationLandscapeRight";
				IPHONEOS_DEPLOYMENT_TARGET = 14.0;
				LD_RUNPATH_SEARCH_PATHS = (
					"$(inherited)",
					"@executable_path/Frameworks",
				);
				MARKETING_VERSION = 1.0;
				PRODUCT_BUNDLE_IDENTIFIER = com.jade.InstagramClone;
				PRODUCT_NAME = "$(TARGET_NAME)";
				SUPPORTED_PLATFORMS = "iphoneos iphonesimulator";
				SUPPORTS_MACCATALYST = NO;
				SUPPORTS_MAC_DESIGNED_FOR_IPHONE_IPAD = YES;
				SWIFT_EMIT_LOC_STRINGS = YES;
				SWIFT_VERSION = 5.0;
				TARGETED_DEVICE_FAMILY = 1;
			};
			name = Release;
		};
/* End XCBuildConfiguration section */

/* Begin XCConfigurationList section */
		073A83E3296C7B4A00CE910C /* Build configuration list for PBXProject "InstagramClone" */ = {
			isa = XCConfigurationList;
			buildConfigurations = (
				073A83FA296C7B4B00CE910C /* Debug */,
				073A83FB296C7B4B00CE910C /* Release */,
			);
			defaultConfigurationIsVisible = 0;
			defaultConfigurationName = Release;
		};
		073A83FC296C7B4B00CE910C /* Build configuration list for PBXNativeTarget "InstagramClone" */ = {
			isa = XCConfigurationList;
			buildConfigurations = (
				073A83FD296C7B4B00CE910C /* Debug */,
				073A83FE296C7B4B00CE910C /* Release */,
			);
			defaultConfigurationIsVisible = 0;
			defaultConfigurationName = Release;
		};
/* End XCConfigurationList section */

/* Begin XCRemoteSwiftPackageReference section */
		076E543E2972F4600003864F /* XCRemoteSwiftPackageReference "firebase-ios-sdk" */ = {
			isa = XCRemoteSwiftPackageReference;
			repositoryURL = "https://github.com/firebase/firebase-ios-sdk";
			requirement = {
				kind = upToNextMinorVersion;
				minimumVersion = 9.6.0;
			};
		};
/* End XCRemoteSwiftPackageReference section */

/* Begin XCSwiftPackageProductDependency section */
		076E543F2972F4600003864F /* FirebaseAuth */ = {
			isa = XCSwiftPackageProductDependency;
			package = 076E543E2972F4600003864F /* XCRemoteSwiftPackageReference "firebase-ios-sdk" */;
			productName = FirebaseAuth;
		};
		076E54412972F4600003864F /* FirebaseDatabase */ = {
			isa = XCSwiftPackageProductDependency;
			package = 076E543E2972F4600003864F /* XCRemoteSwiftPackageReference "firebase-ios-sdk" */;
			productName = FirebaseDatabase;
		};
		076E54432972F4600003864F /* FirebaseFirestore */ = {
			isa = XCSwiftPackageProductDependency;
			package = 076E543E2972F4600003864F /* XCRemoteSwiftPackageReference "firebase-ios-sdk" */;
			productName = FirebaseFirestore;
		};
		076E54452972F4600003864F /* FirebaseMessaging */ = {
			isa = XCSwiftPackageProductDependency;
			package = 076E543E2972F4600003864F /* XCRemoteSwiftPackageReference "firebase-ios-sdk" */;
			productName = FirebaseMessaging;
		};
		076E54472972F4600003864F /* FirebaseStorage */ = {
			isa = XCSwiftPackageProductDependency;
			package = 076E543E2972F4600003864F /* XCRemoteSwiftPackageReference "firebase-ios-sdk" */;
			productName = FirebaseStorage;
		};
/* End XCSwiftPackageProductDependency section */
	};
	rootObject = 073A83E0296C7B4A00CE910C /* Project object */;
}
